// !$*UTF8*$!
{
	archiveVersion = 1;
	classes = {
	};
	objectVersion = 55;
	objects = {

/* Begin PBXBuildFile section */
		06A3B09CF07DB3EA03131130 /* Navigator+Transition.swift in Sources */ = {isa = PBXBuildFile; fileRef = 47CC58B2975E497D61240257 /* Navigator+Transition.swift */; };
		110AB3337C777F83E4175F0C /* Typealiases.swift in Sources */ = {isa = PBXBuildFile; fileRef = 29D049B0D0A3F7B29EEBCB27 /* Typealiases.swift */; };
		181BC1DDDB437B0D07FB41CB /* HomeViewController.swift in Sources */ = {isa = PBXBuildFile; fileRef = B4DCC954B18C10DA7F78412C /* HomeViewController.swift */; };
		2076113E263056883674E436 /* Color+Application.swift in Sources */ = {isa = PBXBuildFile; fileRef = 0AD09A63A9D9C27AE98824FF /* Color+Application.swift */; };
		2BB63FDB69656BED7084B458 /* NetworkAPIProtocol.swift in Sources */ = {isa = PBXBuildFile; fileRef = 7ACB2A630916F290D3565185 /* NetworkAPIProtocol.swift */; };
		3247C1D61104A7419C0F8CB9 /* RequestConfiguration.swift in Sources */ = {isa = PBXBuildFile; fileRef = 935F962B6375CDB4C5709037 /* RequestConfiguration.swift */; };
		32CB989860675EA27F0CDAE9 /* Constants.swift in Sources */ = {isa = PBXBuildFile; fileRef = 41853ECE1E799CCD1BC3E73A /* Constants.swift */; };
		3DFC65E87E456110FE29A3C1 /* Assets.xcassets in Resources */ = {isa = PBXBuildFile; fileRef = 921814159B8433DC4FABF57E /* Assets.xcassets */; };
		436CEB7E2C9582605B5A4DC1 /* UseCaseFactoryProtocol.swift in Sources */ = {isa = PBXBuildFile; fileRef = D66AA44F3E06185211EBA0ED /* UseCaseFactoryProtocol.swift */; };
		4F4C6F8C524120840ED774F5 /* ApplicationSpec.swift in Sources */ = {isa = PBXBuildFile; fileRef = 0598B6D0B0E213584CBCC919 /* ApplicationSpec.swift */; };
		542A1C2B718036AE225BCFA3 /* OptionalUnwrapSpec.swift in Sources */ = {isa = PBXBuildFile; fileRef = 4AD4359447A8D22D574EA12E /* OptionalUnwrapSpec.swift */; };
		638D80BD0D6DE474C8A769BC /* Navigator+Scene.swift in Sources */ = {isa = PBXBuildFile; fileRef = FB8E619E9CE6B8F34C72E637 /* Navigator+Scene.swift */; };
		8D594FD49CC602A6A053701F /* Optional+Unwrap.swift in Sources */ = {isa = PBXBuildFile; fileRef = 4DFFE38B44630791FA22B917 /* Optional+Unwrap.swift */; };
		97C603D24E09645D8A435852 /* Pods_NimbleSurvey_NimbleSurveyUITests.framework in Frameworks */ = {isa = PBXBuildFile; fileRef = 6B2125972AE739800BDFDFD7 /* Pods_NimbleSurvey_NimbleSurveyUITests.framework */; };
		A2B58A3C9ED66C97FDF2D1F0 /* AppDelegate.swift in Sources */ = {isa = PBXBuildFile; fileRef = F8AF31AF8FFB8510544586C6 /* AppDelegate.swift */; };
		A82A9088D04060DBD00C0258 /* Constants+API.swift in Sources */ = {isa = PBXBuildFile; fileRef = 20CFF3E0F893171762E5DF0F /* Constants+API.swift */; };
		A8774A7BE26DA8482F4E1422 /* NetworkAPIError.swift in Sources */ = {isa = PBXBuildFile; fileRef = 08496952DF8B21E4127F00FD /* NetworkAPIError.swift */; };
		C87E8F7656360FE0BF77B9BA /* Navigator.swift in Sources */ = {isa = PBXBuildFile; fileRef = F11179BBF72BBF80AA6A6F4C /* Navigator.swift */; };
		C9FEBB7E1541C39AD314CDD3 /* LaunchScreen.storyboard in Resources */ = {isa = PBXBuildFile; fileRef = FB2003E0DEE14B81EA057EAC /* LaunchScreen.storyboard */; };
		D846DC9CF5FB9A6B8CB712DB /* NetworkAPI.swift in Sources */ = {isa = PBXBuildFile; fileRef = 39E29A9AEEADAB4B0774FB9A /* NetworkAPI.swift */; };
		E856114598542174A9FD95AB /* Pods_NimbleSurvey.framework in Frameworks */ = {isa = PBXBuildFile; fileRef = 85EDF96DE3161030E7F2ADFB /* Pods_NimbleSurvey.framework */; };
		EE8EC6038ADED4F6379EB2A5 /* Pods_NimbleSurveyTests.framework in Frameworks */ = {isa = PBXBuildFile; fileRef = DCB40F9DE508AEA9E096314E /* Pods_NimbleSurveyTests.framework */; };
		F084363EB2F1C091E9773EAE /* R.generated.swift in Sources */ = {isa = PBXBuildFile; fileRef = 63998827790500ACC88B5933 /* R.generated.swift */; };
		F134C56902BEF5AEBD9AB6F4 /* UIView+Subviews.swift in Sources */ = {isa = PBXBuildFile; fileRef = A120EE78802FC889A67A3959 /* UIView+Subviews.swift */; };
		F9BA4EBAF3AE63CD99C941E9 /* AutoMockable.generated.swift in Sources */ = {isa = PBXBuildFile; fileRef = AE09E680643389CAA023C61A /* AutoMockable.generated.swift */; };
/* End PBXBuildFile section */

/* Begin PBXContainerItemProxy section */
		9B06F1DB370F8C3BAE206BFA /* PBXContainerItemProxy */ = {
			isa = PBXContainerItemProxy;
			containerPortal = ADC60C7898F30E1EC731CD5F /* Project object */;
			proxyType = 1;
			remoteGlobalIDString = 7E2D20B7826C9CF7E09563D1;
			remoteInfo = NimbleSurvey;
		};
		9BED8792B8DE0AFFF994D6D9 /* PBXContainerItemProxy */ = {
			isa = PBXContainerItemProxy;
			containerPortal = ADC60C7898F30E1EC731CD5F /* Project object */;
			proxyType = 1;
			remoteGlobalIDString = 7E2D20B7826C9CF7E09563D1;
			remoteInfo = NimbleSurvey;
		};
/* End PBXContainerItemProxy section */

/* Begin PBXCopyFilesBuildPhase section */
		8E8C0E8C24D8E28807BB8603 /* Embed Frameworks */ = {
			isa = PBXCopyFilesBuildPhase;
			buildActionMask = 2147483647;
			dstPath = "";
			dstSubfolderSpec = 10;
			files = (
			);
			name = "Embed Frameworks";
			runOnlyForDeploymentPostprocessing = 0;
		};
		EC33E4086F536A59BC3B0A3A /* Embed Frameworks */ = {
			isa = PBXCopyFilesBuildPhase;
			buildActionMask = 2147483647;
			dstPath = "";
			dstSubfolderSpec = 10;
			files = (
			);
			name = "Embed Frameworks";
			runOnlyForDeploymentPostprocessing = 0;
		};
		F11F5F299DD9F5A88785DEF3 /* Embed Frameworks */ = {
			isa = PBXCopyFilesBuildPhase;
			buildActionMask = 2147483647;
			dstPath = "";
			dstSubfolderSpec = 10;
			files = (
			);
			name = "Embed Frameworks";
			runOnlyForDeploymentPostprocessing = 0;
		};
/* End PBXCopyFilesBuildPhase section */

/* Begin PBXFileReference section */
		0598B6D0B0E213584CBCC919 /* ApplicationSpec.swift */ = {isa = PBXFileReference; lastKnownFileType = sourcecode.swift; path = ApplicationSpec.swift; sourceTree = "<group>"; };
		08496952DF8B21E4127F00FD /* NetworkAPIError.swift */ = {isa = PBXFileReference; lastKnownFileType = sourcecode.swift; path = NetworkAPIError.swift; sourceTree = "<group>"; };
		09DB51F52E04F7D3BA35B575 /* .gitkeep */ = {isa = PBXFileReference; lastKnownFileType = text; path = .gitkeep; sourceTree = "<group>"; };
		0AC7C402918440F2FEFE36A8 /* Pods-NimbleSurvey.debug production.xcconfig */ = {isa = PBXFileReference; includeInIndex = 1; lastKnownFileType = text.xcconfig; name = "Pods-NimbleSurvey.debug production.xcconfig"; path = "Target Support Files/Pods-NimbleSurvey/Pods-NimbleSurvey.debug production.xcconfig"; sourceTree = "<group>"; };
		0AD09A63A9D9C27AE98824FF /* Color+Application.swift */ = {isa = PBXFileReference; lastKnownFileType = sourcecode.swift; path = "Color+Application.swift"; sourceTree = "<group>"; };
		20CFF3E0F893171762E5DF0F /* Constants+API.swift */ = {isa = PBXFileReference; lastKnownFileType = sourcecode.swift; path = "Constants+API.swift"; sourceTree = "<group>"; };
		2355BCFCAEF91BF60AFA2212 /* Pods-NimbleSurvey-NimbleSurveyUITests.debug production.xcconfig */ = {isa = PBXFileReference; includeInIndex = 1; lastKnownFileType = text.xcconfig; name = "Pods-NimbleSurvey-NimbleSurveyUITests.debug production.xcconfig"; path = "Target Support Files/Pods-NimbleSurvey-NimbleSurveyUITests/Pods-NimbleSurvey-NimbleSurveyUITests.debug production.xcconfig"; sourceTree = "<group>"; };
		248CC84DA305635CF01EC02C /* .gitkeep */ = {isa = PBXFileReference; lastKnownFileType = text; path = .gitkeep; sourceTree = "<group>"; };
		25AF707318F2564B4D55AEF7 /* Pods-NimbleSurvey.release production.xcconfig */ = {isa = PBXFileReference; includeInIndex = 1; lastKnownFileType = text.xcconfig; name = "Pods-NimbleSurvey.release production.xcconfig"; path = "Target Support Files/Pods-NimbleSurvey/Pods-NimbleSurvey.release production.xcconfig"; sourceTree = "<group>"; };
		29D049B0D0A3F7B29EEBCB27 /* Typealiases.swift */ = {isa = PBXFileReference; lastKnownFileType = sourcecode.swift; path = Typealiases.swift; sourceTree = "<group>"; };
		2BC16193CC8B0D6D7E724F2B /* DebugProduction.xcconfig */ = {isa = PBXFileReference; lastKnownFileType = text.xcconfig; path = DebugProduction.xcconfig; sourceTree = "<group>"; };
		39E29A9AEEADAB4B0774FB9A /* NetworkAPI.swift */ = {isa = PBXFileReference; lastKnownFileType = sourcecode.swift; path = NetworkAPI.swift; sourceTree = "<group>"; };
		3BC07801C1F18C4C3B82850A /* .gitkeep */ = {isa = PBXFileReference; lastKnownFileType = text; path = .gitkeep; sourceTree = "<group>"; };
		3C57E1C795B179AAA62AD701 /* Pods-NimbleSurveyTests.release staging.xcconfig */ = {isa = PBXFileReference; includeInIndex = 1; lastKnownFileType = text.xcconfig; name = "Pods-NimbleSurveyTests.release staging.xcconfig"; path = "Target Support Files/Pods-NimbleSurveyTests/Pods-NimbleSurveyTests.release staging.xcconfig"; sourceTree = "<group>"; };
		41853ECE1E799CCD1BC3E73A /* Constants.swift */ = {isa = PBXFileReference; lastKnownFileType = sourcecode.swift; path = Constants.swift; sourceTree = "<group>"; };
		47CC58B2975E497D61240257 /* Navigator+Transition.swift */ = {isa = PBXFileReference; lastKnownFileType = sourcecode.swift; path = "Navigator+Transition.swift"; sourceTree = "<group>"; };
		4AD4359447A8D22D574EA12E /* OptionalUnwrapSpec.swift */ = {isa = PBXFileReference; lastKnownFileType = sourcecode.swift; path = OptionalUnwrapSpec.swift; sourceTree = "<group>"; };
		4DFFE38B44630791FA22B917 /* Optional+Unwrap.swift */ = {isa = PBXFileReference; lastKnownFileType = sourcecode.swift; path = "Optional+Unwrap.swift"; sourceTree = "<group>"; };
		546922AFDE8171FA54DE5008 /* Pods-NimbleSurvey-NimbleSurveyUITests.release production.xcconfig */ = {isa = PBXFileReference; includeInIndex = 1; lastKnownFileType = text.xcconfig; name = "Pods-NimbleSurvey-NimbleSurveyUITests.release production.xcconfig"; path = "Target Support Files/Pods-NimbleSurvey-NimbleSurveyUITests/Pods-NimbleSurvey-NimbleSurveyUITests.release production.xcconfig"; sourceTree = "<group>"; };
		58FC866C5B2D150C10DF768D /* .gitkeep */ = {isa = PBXFileReference; lastKnownFileType = text; path = .gitkeep; sourceTree = "<group>"; };
		5916D73BF5430EE03E6E271F /* Pods-NimbleSurvey.debug staging.xcconfig */ = {isa = PBXFileReference; includeInIndex = 1; lastKnownFileType = text.xcconfig; name = "Pods-NimbleSurvey.debug staging.xcconfig"; path = "Target Support Files/Pods-NimbleSurvey/Pods-NimbleSurvey.debug staging.xcconfig"; sourceTree = "<group>"; };
		607A8862BBA108D2812652D5 /* .gitkeep */ = {isa = PBXFileReference; lastKnownFileType = text; path = .gitkeep; sourceTree = "<group>"; };
		611A106A4CC005F7827193F7 /* .gitkeep */ = {isa = PBXFileReference; lastKnownFileType = text; path = .gitkeep; sourceTree = "<group>"; };
		63998827790500ACC88B5933 /* R.generated.swift */ = {isa = PBXFileReference; lastKnownFileType = sourcecode.swift; path = R.generated.swift; sourceTree = "<group>"; };
		6B2125972AE739800BDFDFD7 /* Pods_NimbleSurvey_NimbleSurveyUITests.framework */ = {isa = PBXFileReference; explicitFileType = wrapper.framework; includeInIndex = 0; path = Pods_NimbleSurvey_NimbleSurveyUITests.framework; sourceTree = BUILT_PRODUCTS_DIR; };
		726DAD5129D95A96BB38C0A3 /* Pods-NimbleSurveyTests.debug staging.xcconfig */ = {isa = PBXFileReference; includeInIndex = 1; lastKnownFileType = text.xcconfig; name = "Pods-NimbleSurveyTests.debug staging.xcconfig"; path = "Target Support Files/Pods-NimbleSurveyTests/Pods-NimbleSurveyTests.debug staging.xcconfig"; sourceTree = "<group>"; };
		74433E0FBE0F9F241B457DD3 /* Pods-NimbleSurveyTests.debug production.xcconfig */ = {isa = PBXFileReference; includeInIndex = 1; lastKnownFileType = text.xcconfig; name = "Pods-NimbleSurveyTests.debug production.xcconfig"; path = "Target Support Files/Pods-NimbleSurveyTests/Pods-NimbleSurveyTests.debug production.xcconfig"; sourceTree = "<group>"; };
		7467A9D61DC94CBA44A5FD86 /* Pods-NimbleSurvey-NimbleSurveyUITests.release staging.xcconfig */ = {isa = PBXFileReference; includeInIndex = 1; lastKnownFileType = text.xcconfig; name = "Pods-NimbleSurvey-NimbleSurveyUITests.release staging.xcconfig"; path = "Target Support Files/Pods-NimbleSurvey-NimbleSurveyUITests/Pods-NimbleSurvey-NimbleSurveyUITests.release staging.xcconfig"; sourceTree = "<group>"; };
		7ACB2A630916F290D3565185 /* NetworkAPIProtocol.swift */ = {isa = PBXFileReference; lastKnownFileType = sourcecode.swift; path = NetworkAPIProtocol.swift; sourceTree = "<group>"; };
		7AFCFDE3A37991682B19FA7B /* Pods-NimbleSurvey-NimbleSurveyUITests.debug staging.xcconfig */ = {isa = PBXFileReference; includeInIndex = 1; lastKnownFileType = text.xcconfig; name = "Pods-NimbleSurvey-NimbleSurveyUITests.debug staging.xcconfig"; path = "Target Support Files/Pods-NimbleSurvey-NimbleSurveyUITests/Pods-NimbleSurvey-NimbleSurveyUITests.debug staging.xcconfig"; sourceTree = "<group>"; };
		80074CB81D08C396012D0B8D /* ReleaseProduction.xcconfig */ = {isa = PBXFileReference; lastKnownFileType = text.xcconfig; path = ReleaseProduction.xcconfig; sourceTree = "<group>"; };
		85EDF96DE3161030E7F2ADFB /* Pods_NimbleSurvey.framework */ = {isa = PBXFileReference; explicitFileType = wrapper.framework; includeInIndex = 0; path = Pods_NimbleSurvey.framework; sourceTree = BUILT_PRODUCTS_DIR; };
		921814159B8433DC4FABF57E /* Assets.xcassets */ = {isa = PBXFileReference; lastKnownFileType = folder.assetcatalog; path = Assets.xcassets; sourceTree = "<group>"; };
		935F962B6375CDB4C5709037 /* RequestConfiguration.swift */ = {isa = PBXFileReference; lastKnownFileType = sourcecode.swift; path = RequestConfiguration.swift; sourceTree = "<group>"; };
		985A1BB70C46FE90CA997E1E /* NimbleSurvey.app */ = {isa = PBXFileReference; explicitFileType = wrapper.application; includeInIndex = 0; path = NimbleSurvey.app; sourceTree = BUILT_PRODUCTS_DIR; };
		9AC37026165469D6BE0E8C16 /* NimbleSurveyUITests.xctest */ = {isa = PBXFileReference; explicitFileType = wrapper.cfbundle; includeInIndex = 0; path = NimbleSurveyUITests.xctest; sourceTree = BUILT_PRODUCTS_DIR; };
		A120EE78802FC889A67A3959 /* UIView+Subviews.swift */ = {isa = PBXFileReference; lastKnownFileType = sourcecode.swift; path = "UIView+Subviews.swift"; sourceTree = "<group>"; };
		A4808D2BF9007A9C781523E4 /* Info.plist */ = {isa = PBXFileReference; lastKnownFileType = text.plist; path = Info.plist; sourceTree = "<group>"; };
		A67E3E32752B021502C77FD6 /* .gitkeep */ = {isa = PBXFileReference; lastKnownFileType = text; path = .gitkeep; sourceTree = "<group>"; };
		AE09E680643389CAA023C61A /* AutoMockable.generated.swift */ = {isa = PBXFileReference; lastKnownFileType = sourcecode.swift; path = AutoMockable.generated.swift; sourceTree = "<group>"; };
		AE15D5E148030552D9710195 /* Info.plist */ = {isa = PBXFileReference; lastKnownFileType = text.plist; path = Info.plist; sourceTree = "<group>"; };
		B49EF24718E709CAA789DB32 /* Pods-NimbleSurvey.release staging.xcconfig */ = {isa = PBXFileReference; includeInIndex = 1; lastKnownFileType = text.xcconfig; name = "Pods-NimbleSurvey.release staging.xcconfig"; path = "Target Support Files/Pods-NimbleSurvey/Pods-NimbleSurvey.release staging.xcconfig"; sourceTree = "<group>"; };
		B4DCC954B18C10DA7F78412C /* HomeViewController.swift */ = {isa = PBXFileReference; lastKnownFileType = sourcecode.swift; path = HomeViewController.swift; sourceTree = "<group>"; };
		C7597FE12A84446259E77545 /* .gitkeep */ = {isa = PBXFileReference; lastKnownFileType = text; path = .gitkeep; sourceTree = "<group>"; };
		C98626A3D9C02960DC3C65C0 /* Info.plist */ = {isa = PBXFileReference; lastKnownFileType = text.plist; path = Info.plist; sourceTree = "<group>"; };
		C98FF6665C43463498A5AC86 /* .gitkeep */ = {isa = PBXFileReference; lastKnownFileType = text; path = .gitkeep; sourceTree = "<group>"; };
		CB5775AC5DFAE83582F5A2DE /* .gitkeep */ = {isa = PBXFileReference; lastKnownFileType = text; path = .gitkeep; sourceTree = "<group>"; };
		CEF3E2215C8FAA20E272CD84 /* DebugStaging.xcconfig */ = {isa = PBXFileReference; lastKnownFileType = text.xcconfig; path = DebugStaging.xcconfig; sourceTree = "<group>"; };
		D1C0ADA27B713FD6C28BBC9F /* NimbleSurveyTests.xctest */ = {isa = PBXFileReference; explicitFileType = wrapper.cfbundle; includeInIndex = 0; path = NimbleSurveyTests.xctest; sourceTree = BUILT_PRODUCTS_DIR; };
		D591CC7331070FC36798E9B1 /* ReleaseStaging.xcconfig */ = {isa = PBXFileReference; lastKnownFileType = text.xcconfig; path = ReleaseStaging.xcconfig; sourceTree = "<group>"; };
		D66AA44F3E06185211EBA0ED /* UseCaseFactoryProtocol.swift */ = {isa = PBXFileReference; lastKnownFileType = sourcecode.swift; path = UseCaseFactoryProtocol.swift; sourceTree = "<group>"; };
		DCB40F9DE508AEA9E096314E /* Pods_NimbleSurveyTests.framework */ = {isa = PBXFileReference; explicitFileType = wrapper.framework; includeInIndex = 0; path = Pods_NimbleSurveyTests.framework; sourceTree = BUILT_PRODUCTS_DIR; };
		F11179BBF72BBF80AA6A6F4C /* Navigator.swift */ = {isa = PBXFileReference; lastKnownFileType = sourcecode.swift; path = Navigator.swift; sourceTree = "<group>"; };
		F28B6DF5110911D79CF96F12 /* Pods-NimbleSurveyTests.release production.xcconfig */ = {isa = PBXFileReference; includeInIndex = 1; lastKnownFileType = text.xcconfig; name = "Pods-NimbleSurveyTests.release production.xcconfig"; path = "Target Support Files/Pods-NimbleSurveyTests/Pods-NimbleSurveyTests.release production.xcconfig"; sourceTree = "<group>"; };
		F2901E1E4AD6F2ACC4F89112 /* .gitkeep */ = {isa = PBXFileReference; lastKnownFileType = text; path = .gitkeep; sourceTree = "<group>"; };
		F8AF31AF8FFB8510544586C6 /* AppDelegate.swift */ = {isa = PBXFileReference; lastKnownFileType = sourcecode.swift; path = AppDelegate.swift; sourceTree = "<group>"; };
		FB2003E0DEE14B81EA057EAC /* LaunchScreen.storyboard */ = {isa = PBXFileReference; lastKnownFileType = file.storyboard; path = LaunchScreen.storyboard; sourceTree = "<group>"; };
		FB8E619E9CE6B8F34C72E637 /* Navigator+Scene.swift */ = {isa = PBXFileReference; lastKnownFileType = sourcecode.swift; path = "Navigator+Scene.swift"; sourceTree = "<group>"; };
/* End PBXFileReference section */

/* Begin PBXFrameworksBuildPhase section */
		7F674B49B727AA3D1B2D38A4 /* Frameworks */ = {
			isa = PBXFrameworksBuildPhase;
			buildActionMask = 2147483647;
			files = (
				EE8EC6038ADED4F6379EB2A5 /* Pods_NimbleSurveyTests.framework in Frameworks */,
			);
			runOnlyForDeploymentPostprocessing = 0;
		};
		891B35A3A860D94B9A866C0A /* Frameworks */ = {
			isa = PBXFrameworksBuildPhase;
			buildActionMask = 2147483647;
			files = (
				E856114598542174A9FD95AB /* Pods_NimbleSurvey.framework in Frameworks */,
			);
			runOnlyForDeploymentPostprocessing = 0;
		};
		FFD0030582EB8A58E7D11579 /* Frameworks */ = {
			isa = PBXFrameworksBuildPhase;
			buildActionMask = 2147483647;
			files = (
				97C603D24E09645D8A435852 /* Pods_NimbleSurvey_NimbleSurveyUITests.framework in Frameworks */,
			);
			runOnlyForDeploymentPostprocessing = 0;
		};
/* End PBXFrameworksBuildPhase section */

/* Begin PBXGroup section */
		046DE49D44B9160CD5AEB75B /* Models */ = {
			isa = PBXGroup;
			children = (
				58FC866C5B2D150C10DF768D /* .gitkeep */,
			);
			path = Models;
			sourceTree = "<group>";
		};
		069EDB7D7AFE0F733EDE5F28 /* Frameworks */ = {
			isa = PBXGroup;
			children = (
				85EDF96DE3161030E7F2ADFB /* Pods_NimbleSurvey.framework */,
				6B2125972AE739800BDFDFD7 /* Pods_NimbleSurvey_NimbleSurveyUITests.framework */,
				DCB40F9DE508AEA9E096314E /* Pods_NimbleSurveyTests.framework */,
			);
			name = Frameworks;
			sourceTree = "<group>";
		};
		1162F0CE30A4E677B819E1CA /* Modules */ = {
			isa = PBXGroup;
			children = (
				B4DCC954B18C10DA7F78412C /* HomeViewController.swift */,
			);
			path = Modules;
			sourceTree = "<group>";
		};
		11CC3FE3A879D0BB85590CE6 /* Helpers */ = {
			isa = PBXGroup;
			children = (
				D4FAEF28109601DCC5EBDDC0 /* Rswift */,
				E1776F288DA718B8DDEDD29C /* Typealiases */,
			);
			path = Helpers;
			sourceTree = "<group>";
		};
		12D6D7E8D3A6981FF3F0CDEB /* Supports */ = {
			isa = PBXGroup;
			children = (
				F99A0A6E088CFD637BB81A0D /* Extensions */,
			);
			path = Supports;
			sourceTree = "<group>";
		};
		16131514FEB23DB8D4C3D0A2 /* Project */ = {
			isa = PBXGroup;
			children = (
				99AB2D2C8C90F926CEB9302A /* NimbleSurvey */,
				7D5276171CD60EE3951F026B /* NimbleSurveyTests */,
				7E688962AF15165FC0A4D9FB /* NimbleSurveyUITests */,
			);
			name = Project;
			sourceTree = "<group>";
		};
		1928E37AE1CD060539DDA035 /* Specs */ = {
			isa = PBXGroup;
			children = (
				1AE0B87F0BDAA4AFEE243BB3 /* Application */,
			);
			path = Specs;
			sourceTree = "<group>";
		};
		19DB3D9A862D7266575AF1DC /* Sources */ = {
			isa = PBXGroup;
			children = (
				3E4137701C37763D398B3DB9 /* Dummy */,
				71651B90E82AA6A6BEA740F3 /* Mocks */,
				B08F6B051327A512695AF811 /* Specs */,
				85D38EBE5A50FAE3772FB16D /* Utilities */,
			);
			path = Sources;
			sourceTree = "<group>";
		};
		1AE0B87F0BDAA4AFEE243BB3 /* Application */ = {
			isa = PBXGroup;
			children = (
				0598B6D0B0E213584CBCC919 /* ApplicationSpec.swift */,
			);
			path = Application;
			sourceTree = "<group>";
		};
		1D2FA308A1A731DC5D936D47 /* Configurations */ = {
			isa = PBXGroup;
			children = (
				4CA3B6E95F5E377FDF7ADA99 /* Plists */,
			);
			path = Configurations;
			sourceTree = "<group>";
		};
		1E8C5CE14810AEA386CA4707 /* Plists */ = {
			isa = PBXGroup;
			children = (
				AE15D5E148030552D9710195 /* Info.plist */,
			);
			path = Plists;
			sourceTree = "<group>";
		};
		24C3E6ADD0AF57BCA0D4BDC6 /* Views */ = {
			isa = PBXGroup;
			children = (
				A67E3E32752B021502C77FD6 /* .gitkeep */,
			);
			path = Views;
			sourceTree = "<group>";
		};
		25A1B7C2FB2ED7B386BF576A /* Core */ = {
			isa = PBXGroup;
			children = (
				08496952DF8B21E4127F00FD /* NetworkAPIError.swift */,
				7ACB2A630916F290D3565185 /* NetworkAPIProtocol.swift */,
				935F962B6375CDB4C5709037 /* RequestConfiguration.swift */,
			);
			path = Core;
			sourceTree = "<group>";
		};
		2FEA03714489674BC2210806 /* Entities */ = {
			isa = PBXGroup;
			children = (
				607A8862BBA108D2812652D5 /* .gitkeep */,
			);
			path = Entities;
			sourceTree = "<group>";
		};
		2FF849276FFABB51A1DA3275 /* Plists */ = {
			isa = PBXGroup;
			children = (
				C98626A3D9C02960DC3C65C0 /* Info.plist */,
			);
			path = Plists;
			sourceTree = "<group>";
		};
		3E4137701C37763D398B3DB9 /* Dummy */ = {
			isa = PBXGroup;
			children = (
				C98FF6665C43463498A5AC86 /* .gitkeep */,
			);
			path = Dummy;
			sourceTree = "<group>";
		};
		3EE913CB5325A9572DD9B33C /* Presentation */ = {
			isa = PBXGroup;
			children = (
				1162F0CE30A4E677B819E1CA /* Modules */,
				9B899DC469D9FCF73036ABF2 /* Navigator */,
				24C3E6ADD0AF57BCA0D4BDC6 /* Views */,
			);
			path = Presentation;
			sourceTree = "<group>";
		};
		40F8185E41D7A707B5394320 /* Foundation */ = {
			isa = PBXGroup;
			children = (
				4AD4359447A8D22D574EA12E /* OptionalUnwrapSpec.swift */,
			);
			path = Foundation;
			sourceTree = "<group>";
		};
		47920E345586C1E7542DDD9B /* Constants */ = {
			isa = PBXGroup;
			children = (
				41853ECE1E799CCD1BC3E73A /* Constants.swift */,
				20CFF3E0F893171762E5DF0F /* Constants+API.swift */,
			);
			path = Constants;
			sourceTree = "<group>";
		};
		4CA3B6E95F5E377FDF7ADA99 /* Plists */ = {
			isa = PBXGroup;
			children = (
				A4808D2BF9007A9C781523E4 /* Info.plist */,
			);
			path = Plists;
			sourceTree = "<group>";
		};
		4F4470BBD0C5DA85FB4F07EC = {
			isa = PBXGroup;
			children = (
				16131514FEB23DB8D4C3D0A2 /* Project */,
				5F8B804741722F1DE8DA55F9 /* Products */,
				DEFFBCF8920A1F9116A81E04 /* Pods */,
				069EDB7D7AFE0F733EDE5F28 /* Frameworks */,
			);
			sourceTree = "<group>";
		};
		5F8B804741722F1DE8DA55F9 /* Products */ = {
			isa = PBXGroup;
			children = (
				985A1BB70C46FE90CA997E1E /* NimbleSurvey.app */,
				D1C0ADA27B713FD6C28BBC9F /* NimbleSurveyTests.xctest */,
				9AC37026165469D6BE0E8C16 /* NimbleSurveyUITests.xctest */,
			);
			name = Products;
			sourceTree = "<group>";
		};
		61C33B098F452DF129047B61 /* Foundation */ = {
			isa = PBXGroup;
			children = (
				4DFFE38B44630791FA22B917 /* Optional+Unwrap.swift */,
			);
			path = Foundation;
			sourceTree = "<group>";
		};
		65472F3AEFD6160CF8B7573F /* Interceptors */ = {
			isa = PBXGroup;
			children = (
				09DB51F52E04F7D3BA35B575 /* .gitkeep */,
			);
			path = Interceptors;
			sourceTree = "<group>";
		};
		66C8564CE2D32EB15E0321BF /* Extensions */ = {
			isa = PBXGroup;
			children = (
				61C33B098F452DF129047B61 /* Foundation */,
				E026E36EC1E065826CE7B58C /* UIKit */,
			);
			path = Extensions;
			sourceTree = "<group>";
		};
		67B56B187CD5231DFCAC7101 /* Sourcery */ = {
			isa = PBXGroup;
			children = (
				AE09E680643389CAA023C61A /* AutoMockable.generated.swift */,
			);
			path = Sourcery;
			sourceTree = "<group>";
		};
		6B096396424FFB0AAA0CAB32 /* Resources */ = {
			isa = PBXGroup;
			children = (
				611A106A4CC005F7827193F7 /* .gitkeep */,
			);
			path = Resources;
			sourceTree = "<group>";
		};
		6C725D28387CD38A0F280FD9 /* Assets */ = {
			isa = PBXGroup;
			children = (
				921814159B8433DC4FABF57E /* Assets.xcassets */,
			);
			path = Assets;
			sourceTree = "<group>";
		};
		71651B90E82AA6A6BEA740F3 /* Mocks */ = {
			isa = PBXGroup;
			children = (
				67B56B187CD5231DFCAC7101 /* Sourcery */,
			);
			path = Mocks;
			sourceTree = "<group>";
		};
		7D5276171CD60EE3951F026B /* NimbleSurveyTests */ = {
			isa = PBXGroup;
			children = (
				1D2FA308A1A731DC5D936D47 /* Configurations */,
				6B096396424FFB0AAA0CAB32 /* Resources */,
				19DB3D9A862D7266575AF1DC /* Sources */,
			);
			path = NimbleSurveyTests;
			sourceTree = "<group>";
		};
		7E688962AF15165FC0A4D9FB /* NimbleSurveyUITests */ = {
			isa = PBXGroup;
			children = (
				B3D43264DCC23067CCE635D6 /* Configurations */,
				92465C988276C4726ADA4931 /* Resources */,
				B6A21C7FC0192E35EAE0A92B /* Sources */,
			);
			path = NimbleSurveyUITests;
			sourceTree = "<group>";
		};
		85D38EBE5A50FAE3772FB16D /* Utilities */ = {
			isa = PBXGroup;
			children = (
				F2901E1E4AD6F2ACC4F89112 /* .gitkeep */,
			);
			path = Utilities;
			sourceTree = "<group>";
		};
		8A6B87D5EB13B9CE4135D4A3 /* NetworkAPI */ = {
			isa = PBXGroup;
			children = (
				25A1B7C2FB2ED7B386BF576A /* Core */,
				65472F3AEFD6160CF8B7573F /* Interceptors */,
				046DE49D44B9160CD5AEB75B /* Models */,
				EB1261831658EF9A39143E03 /* RequestConfigurations */,
				39E29A9AEEADAB4B0774FB9A /* NetworkAPI.swift */,
			);
			path = NetworkAPI;
			sourceTree = "<group>";
		};
		8AEB59E3E7FCCB3F6A0E61AB /* LaunchScreen */ = {
			isa = PBXGroup;
			children = (
				FB2003E0DEE14B81EA057EAC /* LaunchScreen.storyboard */,
			);
			path = LaunchScreen;
			sourceTree = "<group>";
		};
		92465C988276C4726ADA4931 /* Resources */ = {
			isa = PBXGroup;
			children = (
				248CC84DA305635CF01EC02C /* .gitkeep */,
			);
			path = Resources;
			sourceTree = "<group>";
		};
		932FE23C1467E599B9F5D407 /* Interfaces */ = {
			isa = PBXGroup;
			children = (
				CB5775AC5DFAE83582F5A2DE /* .gitkeep */,
			);
			path = Interfaces;
			sourceTree = "<group>";
		};
		99AB2D2C8C90F926CEB9302A /* NimbleSurvey */ = {
			isa = PBXGroup;
			children = (
				BFF6C6B6D4FF34963A352812 /* Configurations */,
				A1CA4B9C31AE788C573739CE /* Resources */,
				D41D3F4227C787058DA32AE8 /* Sources */,
			);
			path = NimbleSurvey;
			sourceTree = "<group>";
		};
		9B899DC469D9FCF73036ABF2 /* Navigator */ = {
			isa = PBXGroup;
			children = (
				F11179BBF72BBF80AA6A6F4C /* Navigator.swift */,
				FB8E619E9CE6B8F34C72E637 /* Navigator+Scene.swift */,
				47CC58B2975E497D61240257 /* Navigator+Transition.swift */,
			);
			path = Navigator;
			sourceTree = "<group>";
		};
		9C71284ED93A28A462E7AFBA /* UseCases */ = {
			isa = PBXGroup;
			children = (
				D66AA44F3E06185211EBA0ED /* UseCaseFactoryProtocol.swift */,
			);
			path = UseCases;
			sourceTree = "<group>";
		};
		A1CA4B9C31AE788C573739CE /* Resources */ = {
			isa = PBXGroup;
			children = (
				6C725D28387CD38A0F280FD9 /* Assets */,
				8AEB59E3E7FCCB3F6A0E61AB /* LaunchScreen */,
			);
			path = Resources;
			sourceTree = "<group>";
		};
		AB50E063D27EA95EE5BBF931 /* Data */ = {
			isa = PBXGroup;
			children = (
				8A6B87D5EB13B9CE4135D4A3 /* NetworkAPI */,
				E067E3FD9439BD7F1E4ED5CC /* Repositories */,
			);
			path = Data;
			sourceTree = "<group>";
		};
		AF9E16B4B06DE5B6A12FEF86 /* XCConfigs */ = {
			isa = PBXGroup;
			children = (
				2BC16193CC8B0D6D7E724F2B /* DebugProduction.xcconfig */,
				CEF3E2215C8FAA20E272CD84 /* DebugStaging.xcconfig */,
				80074CB81D08C396012D0B8D /* ReleaseProduction.xcconfig */,
				D591CC7331070FC36798E9B1 /* ReleaseStaging.xcconfig */,
			);
			path = XCConfigs;
			sourceTree = "<group>";
		};
		B08F6B051327A512695AF811 /* Specs */ = {
			isa = PBXGroup;
			children = (
				12D6D7E8D3A6981FF3F0CDEB /* Supports */,
			);
			path = Specs;
			sourceTree = "<group>";
		};
		B3D43264DCC23067CCE635D6 /* Configurations */ = {
			isa = PBXGroup;
			children = (
				1E8C5CE14810AEA386CA4707 /* Plists */,
			);
			path = Configurations;
			sourceTree = "<group>";
		};
		B6A21C7FC0192E35EAE0A92B /* Sources */ = {
			isa = PBXGroup;
			children = (
				1928E37AE1CD060539DDA035 /* Specs */,
			);
			path = Sources;
			sourceTree = "<group>";
		};
		BFF6C6B6D4FF34963A352812 /* Configurations */ = {
			isa = PBXGroup;
			children = (
				2FF849276FFABB51A1DA3275 /* Plists */,
				AF9E16B4B06DE5B6A12FEF86 /* XCConfigs */,
			);
			path = Configurations;
			sourceTree = "<group>";
		};
		CBFA4A669CAF058B6305432D /* Supports */ = {
			isa = PBXGroup;
			children = (
				66C8564CE2D32EB15E0321BF /* Extensions */,
				11CC3FE3A879D0BB85590CE6 /* Helpers */,
			);
			path = Supports;
			sourceTree = "<group>";
		};
		CEA9D4670AF27AC89BC31251 /* Application */ = {
			isa = PBXGroup;
			children = (
				F8AF31AF8FFB8510544586C6 /* AppDelegate.swift */,
			);
			path = Application;
			sourceTree = "<group>";
		};
		D41D3F4227C787058DA32AE8 /* Sources */ = {
			isa = PBXGroup;
			children = (
				CEA9D4670AF27AC89BC31251 /* Application */,
				47920E345586C1E7542DDD9B /* Constants */,
				AB50E063D27EA95EE5BBF931 /* Data */,
				D45EFD233FF7571EDF88C219 /* Domain */,
				3EE913CB5325A9572DD9B33C /* Presentation */,
				CBFA4A669CAF058B6305432D /* Supports */,
			);
			path = Sources;
			sourceTree = "<group>";
		};
		D45EFD233FF7571EDF88C219 /* Domain */ = {
			isa = PBXGroup;
			children = (
				2FEA03714489674BC2210806 /* Entities */,
				932FE23C1467E599B9F5D407 /* Interfaces */,
				9C71284ED93A28A462E7AFBA /* UseCases */,
			);
			path = Domain;
			sourceTree = "<group>";
		};
		D4FAEF28109601DCC5EBDDC0 /* Rswift */ = {
			isa = PBXGroup;
			children = (
				63998827790500ACC88B5933 /* R.generated.swift */,
			);
			path = Rswift;
			sourceTree = "<group>";
		};
		DEFFBCF8920A1F9116A81E04 /* Pods */ = {
			isa = PBXGroup;
			children = (
				0AC7C402918440F2FEFE36A8 /* Pods-NimbleSurvey.debug production.xcconfig */,
				5916D73BF5430EE03E6E271F /* Pods-NimbleSurvey.debug staging.xcconfig */,
				25AF707318F2564B4D55AEF7 /* Pods-NimbleSurvey.release production.xcconfig */,
				B49EF24718E709CAA789DB32 /* Pods-NimbleSurvey.release staging.xcconfig */,
				2355BCFCAEF91BF60AFA2212 /* Pods-NimbleSurvey-NimbleSurveyUITests.debug production.xcconfig */,
				7AFCFDE3A37991682B19FA7B /* Pods-NimbleSurvey-NimbleSurveyUITests.debug staging.xcconfig */,
				546922AFDE8171FA54DE5008 /* Pods-NimbleSurvey-NimbleSurveyUITests.release production.xcconfig */,
				7467A9D61DC94CBA44A5FD86 /* Pods-NimbleSurvey-NimbleSurveyUITests.release staging.xcconfig */,
				74433E0FBE0F9F241B457DD3 /* Pods-NimbleSurveyTests.debug production.xcconfig */,
				726DAD5129D95A96BB38C0A3 /* Pods-NimbleSurveyTests.debug staging.xcconfig */,
				F28B6DF5110911D79CF96F12 /* Pods-NimbleSurveyTests.release production.xcconfig */,
				3C57E1C795B179AAA62AD701 /* Pods-NimbleSurveyTests.release staging.xcconfig */,
			);
			path = Pods;
			sourceTree = "<group>";
		};
		E026E36EC1E065826CE7B58C /* UIKit */ = {
			isa = PBXGroup;
			children = (
				0AD09A63A9D9C27AE98824FF /* Color+Application.swift */,
				A120EE78802FC889A67A3959 /* UIView+Subviews.swift */,
			);
			path = UIKit;
			sourceTree = "<group>";
		};
		E067E3FD9439BD7F1E4ED5CC /* Repositories */ = {
			isa = PBXGroup;
			children = (
				C7597FE12A84446259E77545 /* .gitkeep */,
			);
			path = Repositories;
			sourceTree = "<group>";
		};
		E1776F288DA718B8DDEDD29C /* Typealiases */ = {
			isa = PBXGroup;
			children = (
				29D049B0D0A3F7B29EEBCB27 /* Typealiases.swift */,
			);
			path = Typealiases;
			sourceTree = "<group>";
		};
		EB1261831658EF9A39143E03 /* RequestConfigurations */ = {
			isa = PBXGroup;
			children = (
				3BC07801C1F18C4C3B82850A /* .gitkeep */,
			);
			path = RequestConfigurations;
			sourceTree = "<group>";
		};
		F99A0A6E088CFD637BB81A0D /* Extensions */ = {
			isa = PBXGroup;
			children = (
				40F8185E41D7A707B5394320 /* Foundation */,
			);
			path = Extensions;
			sourceTree = "<group>";
		};
/* End PBXGroup section */

/* Begin PBXNativeTarget section */
		41C31285E3A710E9AD337790 /* NimbleSurveyUITests */ = {
			isa = PBXNativeTarget;
			buildConfigurationList = F83C93DA1D829EDF23EDF890 /* Build configuration list for PBXNativeTarget "NimbleSurveyUITests" */;
			buildPhases = (
				24F6984475EC9F947B15C334 /* [CP] Check Pods Manifest.lock */,
				675E35888EAD3A6AE224251F /* Sources */,
				E8523547CD7F54D757C40F2E /* Resources */,
				EC33E4086F536A59BC3B0A3A /* Embed Frameworks */,
				FFD0030582EB8A58E7D11579 /* Frameworks */,
				08FB9174B782CB0D6F7E5254 /* [CP] Embed Pods Frameworks */,
			);
			buildRules = (
			);
			dependencies = (
				CB5C62BCE964846A9A3D8C25 /* PBXTargetDependency */,
			);
			name = NimbleSurveyUITests;
			productName = NimbleSurveyUITests;
			productReference = 9AC37026165469D6BE0E8C16 /* NimbleSurveyUITests.xctest */;
			productType = "com.apple.product-type.bundle.ui-testing";
		};
		75AAE620D7384BF8360378F7 /* NimbleSurveyTests */ = {
			isa = PBXNativeTarget;
			buildConfigurationList = AF4EB8D725C68E4F7A84125E /* Build configuration list for PBXNativeTarget "NimbleSurveyTests" */;
			buildPhases = (
				892B177E81EAF4E78B5EFCF1 /* [CP] Check Pods Manifest.lock */,
				66795D4E816A180A2D7077B1 /* SwiftFormat */,
				C15728F76D6DEB833F7596C7 /* Sources */,
				FEBD9B251E78F6F10CB57687 /* Resources */,
				8E8C0E8C24D8E28807BB8603 /* Embed Frameworks */,
				7F674B49B727AA3D1B2D38A4 /* Frameworks */,
				D421B94FB6FB1AC17B889587 /* [CP] Embed Pods Frameworks */,
			);
			buildRules = (
			);
			dependencies = (
				947973E06D4F8818FFCC2967 /* PBXTargetDependency */,
			);
			name = NimbleSurveyTests;
			productName = NimbleSurveyTests;
			productReference = D1C0ADA27B713FD6C28BBC9F /* NimbleSurveyTests.xctest */;
			productType = "com.apple.product-type.bundle.unit-test";
		};
		7E2D20B7826C9CF7E09563D1 /* NimbleSurvey */ = {
			isa = PBXNativeTarget;
			buildConfigurationList = F36B537686BFBEDE4C24AC2A /* Build configuration list for PBXNativeTarget "NimbleSurvey" */;
			buildPhases = (
				4E81610BE8073003177BA418 /* [CP] Check Pods Manifest.lock */,
				69838D31B342062EDC0A375B /* Sourcery */,
				06C813C71F2F466E3D836F28 /* R.swift */,
				A5D826D10FB54A463CFDB299 /* SwiftLint */,
				3CFCCFF9020872054527DD2F /* SwiftFormat Lint */,
				745D1685CE280C56AE2412E6 /* Sources */,
				EBFA92660907E43F5CEF62B5 /* Resources */,
				F11F5F299DD9F5A88785DEF3 /* Embed Frameworks */,
				891B35A3A860D94B9A866C0A /* Frameworks */,
				CBD3E4E2B2E68DE34FBF8A97 /* Copy GoogleService-Info.plist */,
				9140E3BA1926D4D17E376778 /* [CP] Embed Pods Frameworks */,
			);
			buildRules = (
			);
			dependencies = (
			);
			name = NimbleSurvey;
			productName = NimbleSurvey;
			productReference = 985A1BB70C46FE90CA997E1E /* NimbleSurvey.app */;
			productType = "com.apple.product-type.application";
		};
/* End PBXNativeTarget section */

/* Begin PBXProject section */
		ADC60C7898F30E1EC731CD5F /* Project object */ = {
			isa = PBXProject;
			attributes = {
				ORGANIZATIONNAME = Nimble;
				TargetAttributes = {
					41C31285E3A710E9AD337790 = {
						TestTargetID = 7E2D20B7826C9CF7E09563D1;
					};
					75AAE620D7384BF8360378F7 = {
						TestTargetID = 7E2D20B7826C9CF7E09563D1;
					};
				};
			};
			buildConfigurationList = 2C8D7811922737911D65059F /* Build configuration list for PBXProject "NimbleSurvey" */;
			compatibilityVersion = "Xcode 13.0";
			developmentRegion = en;
			hasScannedForEncodings = 0;
			knownRegions = (
				Base,
				en,
			);
			mainGroup = 4F4470BBD0C5DA85FB4F07EC;
			productRefGroup = 5F8B804741722F1DE8DA55F9 /* Products */;
			projectDirPath = "";
			projectRoot = "";
			targets = (
				7E2D20B7826C9CF7E09563D1 /* NimbleSurvey */,
				75AAE620D7384BF8360378F7 /* NimbleSurveyTests */,
				41C31285E3A710E9AD337790 /* NimbleSurveyUITests */,
			);
		};
/* End PBXProject section */

/* Begin PBXResourcesBuildPhase section */
		E8523547CD7F54D757C40F2E /* Resources */ = {
			isa = PBXResourcesBuildPhase;
			buildActionMask = 2147483647;
			files = (
			);
			runOnlyForDeploymentPostprocessing = 0;
		};
		EBFA92660907E43F5CEF62B5 /* Resources */ = {
			isa = PBXResourcesBuildPhase;
			buildActionMask = 2147483647;
			files = (
				3DFC65E87E456110FE29A3C1 /* Assets.xcassets in Resources */,
				C9FEBB7E1541C39AD314CDD3 /* LaunchScreen.storyboard in Resources */,
			);
			runOnlyForDeploymentPostprocessing = 0;
		};
		FEBD9B251E78F6F10CB57687 /* Resources */ = {
			isa = PBXResourcesBuildPhase;
			buildActionMask = 2147483647;
			files = (
			);
			runOnlyForDeploymentPostprocessing = 0;
		};
/* End PBXResourcesBuildPhase section */

/* Begin PBXShellScriptBuildPhase section */
		06C813C71F2F466E3D836F28 /* R.swift */ = {
			isa = PBXShellScriptBuildPhase;
			alwaysOutOfDate = 1;
			buildActionMask = 2147483647;
			files = (
			);
			inputFileListPaths = (
			);
			inputPaths = (
			);
			name = R.swift;
			outputFileListPaths = (
			);
			outputPaths = (
				"$SRCROOT/$PROJECT_NAME/Sources/Supports/Helpers/Rswift/R.generated.swift",
			);
			runOnlyForDeploymentPostprocessing = 0;
			shellPath = /bin/sh;
			shellScript = "\"$PODS_ROOT/R.swift/rswift\" generate \"$SRCROOT/$PROJECT_NAME/Sources/Supports/Helpers/Rswift/R.generated.swift\"";
		};
		08FB9174B782CB0D6F7E5254 /* [CP] Embed Pods Frameworks */ = {
			isa = PBXShellScriptBuildPhase;
			buildActionMask = 2147483647;
			files = (
			);
			inputFileListPaths = (
				"${PODS_ROOT}/Target Support Files/Pods-NimbleSurvey-NimbleSurveyUITests/Pods-NimbleSurvey-NimbleSurveyUITests-frameworks-${CONFIGURATION}-input-files.xcfilelist",
			);
			name = "[CP] Embed Pods Frameworks";
			outputFileListPaths = (
				"${PODS_ROOT}/Target Support Files/Pods-NimbleSurvey-NimbleSurveyUITests/Pods-NimbleSurvey-NimbleSurveyUITests-frameworks-${CONFIGURATION}-output-files.xcfilelist",
			);
			runOnlyForDeploymentPostprocessing = 0;
			shellPath = /bin/sh;
			shellScript = "\"${PODS_ROOT}/Target Support Files/Pods-NimbleSurvey-NimbleSurveyUITests/Pods-NimbleSurvey-NimbleSurveyUITests-frameworks.sh\"\n";
			showEnvVarsInLog = 0;
		};
		24F6984475EC9F947B15C334 /* [CP] Check Pods Manifest.lock */ = {
			isa = PBXShellScriptBuildPhase;
			buildActionMask = 2147483647;
			files = (
			);
			inputFileListPaths = (
			);
			inputPaths = (
				"${PODS_PODFILE_DIR_PATH}/Podfile.lock",
				"${PODS_ROOT}/Manifest.lock",
			);
			name = "[CP] Check Pods Manifest.lock";
			outputFileListPaths = (
			);
			outputPaths = (
				"$(DERIVED_FILE_DIR)/Pods-NimbleSurvey-NimbleSurveyUITests-checkManifestLockResult.txt",
			);
			runOnlyForDeploymentPostprocessing = 0;
			shellPath = /bin/sh;
			shellScript = "diff \"${PODS_PODFILE_DIR_PATH}/Podfile.lock\" \"${PODS_ROOT}/Manifest.lock\" > /dev/null\nif [ $? != 0 ] ; then\n    # print error to STDERR\n    echo \"error: The sandbox is not in sync with the Podfile.lock. Run 'pod install' or update your CocoaPods installation.\" >&2\n    exit 1\nfi\n# This output is used by Xcode 'outputs' to avoid re-running this script phase.\necho \"SUCCESS\" > \"${SCRIPT_OUTPUT_FILE_0}\"\n";
			showEnvVarsInLog = 0;
		};
		3CFCCFF9020872054527DD2F /* SwiftFormat Lint */ = {
			isa = PBXShellScriptBuildPhase;
			buildActionMask = 2147483647;
			files = (
			);
			inputFileListPaths = (
			);
			inputPaths = (
			);
			name = "SwiftFormat Lint";
			outputFileListPaths = (
			);
			outputPaths = (
			);
			runOnlyForDeploymentPostprocessing = 0;
			shellPath = /bin/sh;
			shellScript = "if [ -z \"$CI\" ]; then\n    \"${PODS_ROOT}/SwiftFormat/CommandLineTool/swiftformat\" \"$SRCROOT\" --lint --lenient\nfi";
		};
		4E81610BE8073003177BA418 /* [CP] Check Pods Manifest.lock */ = {
			isa = PBXShellScriptBuildPhase;
			buildActionMask = 2147483647;
			files = (
			);
			inputFileListPaths = (
			);
			inputPaths = (
				"${PODS_PODFILE_DIR_PATH}/Podfile.lock",
				"${PODS_ROOT}/Manifest.lock",
			);
			name = "[CP] Check Pods Manifest.lock";
			outputFileListPaths = (
			);
			outputPaths = (
				"$(DERIVED_FILE_DIR)/Pods-NimbleSurvey-checkManifestLockResult.txt",
			);
			runOnlyForDeploymentPostprocessing = 0;
			shellPath = /bin/sh;
			shellScript = "diff \"${PODS_PODFILE_DIR_PATH}/Podfile.lock\" \"${PODS_ROOT}/Manifest.lock\" > /dev/null\nif [ $? != 0 ] ; then\n    # print error to STDERR\n    echo \"error: The sandbox is not in sync with the Podfile.lock. Run 'pod install' or update your CocoaPods installation.\" >&2\n    exit 1\nfi\n# This output is used by Xcode 'outputs' to avoid re-running this script phase.\necho \"SUCCESS\" > \"${SCRIPT_OUTPUT_FILE_0}\"\n";
			showEnvVarsInLog = 0;
		};
		66795D4E816A180A2D7077B1 /* SwiftFormat */ = {
			isa = PBXShellScriptBuildPhase;
			buildActionMask = 2147483647;
			files = (
			);
			inputFileListPaths = (
			);
			inputPaths = (
			);
			name = SwiftFormat;
			outputFileListPaths = (
			);
			outputPaths = (
			);
			runOnlyForDeploymentPostprocessing = 0;
			shellPath = /bin/sh;
			shellScript = "if [ -z \"$CI\" ]; then\n    \"${PODS_ROOT}/SwiftFormat/CommandLineTool/swiftformat\" \"$SRCROOT\"\nfi";
		};
		69838D31B342062EDC0A375B /* Sourcery */ = {
			isa = PBXShellScriptBuildPhase;
			buildActionMask = 2147483647;
			files = (
			);
			inputFileListPaths = (
			);
			inputPaths = (
			);
			name = Sourcery;
			outputFileListPaths = (
			);
			outputPaths = (
			);
			runOnlyForDeploymentPostprocessing = 0;
			shellPath = /bin/sh;
			shellScript = "\"$PODS_ROOT/Sourcery/bin/sourcery\"";
		};
		892B177E81EAF4E78B5EFCF1 /* [CP] Check Pods Manifest.lock */ = {
			isa = PBXShellScriptBuildPhase;
			buildActionMask = 2147483647;
			files = (
			);
			inputFileListPaths = (
			);
			inputPaths = (
				"${PODS_PODFILE_DIR_PATH}/Podfile.lock",
				"${PODS_ROOT}/Manifest.lock",
			);
			name = "[CP] Check Pods Manifest.lock";
			outputFileListPaths = (
			);
			outputPaths = (
				"$(DERIVED_FILE_DIR)/Pods-NimbleSurveyTests-checkManifestLockResult.txt",
			);
			runOnlyForDeploymentPostprocessing = 0;
			shellPath = /bin/sh;
			shellScript = "diff \"${PODS_PODFILE_DIR_PATH}/Podfile.lock\" \"${PODS_ROOT}/Manifest.lock\" > /dev/null\nif [ $? != 0 ] ; then\n    # print error to STDERR\n    echo \"error: The sandbox is not in sync with the Podfile.lock. Run 'pod install' or update your CocoaPods installation.\" >&2\n    exit 1\nfi\n# This output is used by Xcode 'outputs' to avoid re-running this script phase.\necho \"SUCCESS\" > \"${SCRIPT_OUTPUT_FILE_0}\"\n";
			showEnvVarsInLog = 0;
		};
		9140E3BA1926D4D17E376778 /* [CP] Embed Pods Frameworks */ = {
			isa = PBXShellScriptBuildPhase;
			buildActionMask = 2147483647;
			files = (
			);
			inputFileListPaths = (
				"${PODS_ROOT}/Target Support Files/Pods-NimbleSurvey/Pods-NimbleSurvey-frameworks-${CONFIGURATION}-input-files.xcfilelist",
			);
			name = "[CP] Embed Pods Frameworks";
			outputFileListPaths = (
				"${PODS_ROOT}/Target Support Files/Pods-NimbleSurvey/Pods-NimbleSurvey-frameworks-${CONFIGURATION}-output-files.xcfilelist",
			);
			runOnlyForDeploymentPostprocessing = 0;
			shellPath = /bin/sh;
			shellScript = "\"${PODS_ROOT}/Target Support Files/Pods-NimbleSurvey/Pods-NimbleSurvey-frameworks.sh\"\n";
			showEnvVarsInLog = 0;
		};
		A5D826D10FB54A463CFDB299 /* SwiftLint */ = {
			isa = PBXShellScriptBuildPhase;
			buildActionMask = 2147483647;
			files = (
			);
			inputFileListPaths = (
			);
			inputPaths = (
			);
			name = SwiftLint;
			outputFileListPaths = (
			);
			outputPaths = (
			);
			runOnlyForDeploymentPostprocessing = 0;
			shellPath = /bin/sh;
			shellScript = "if [ -z \"$CI\" ]; then\n    ${PODS_ROOT}/SwiftLint/swiftlint\nfi";
		};
		CBD3E4E2B2E68DE34FBF8A97 /* Copy GoogleService-Info.plist */ = {
			isa = PBXShellScriptBuildPhase;
			buildActionMask = 2147483647;
			files = (
			);
			inputFileListPaths = (
			);
			inputPaths = (
			);
			name = "Copy GoogleService-Info.plist";
			outputFileListPaths = (
			);
			outputPaths = (
			);
			runOnlyForDeploymentPostprocessing = 0;
			shellPath = /bin/sh;
			shellScript = "PATH_TO_GOOGLE_PLISTS=\"$SRCROOT/$PROJECT_NAME/Configurations/Plists/GoogleService\"\n\ncase \"${CONFIGURATION}\" in\n\"Debug Staging\" | \"Release Staging\" )\ncp -r \"$PATH_TO_GOOGLE_PLISTS/Staging/GoogleService-Info.plist\" \"${BUILT_PRODUCTS_DIR}/${PRODUCT_NAME}.app/GoogleService-Info.plist\"\n;;\n\"Debug Production\" | \"Release Production\" )\ncp -r \"$PATH_TO_GOOGLE_PLISTS/Production/GoogleService-Info.plist\" \"${BUILT_PRODUCTS_DIR}/${PRODUCT_NAME}.app/GoogleService-Info.plist\"\n;;\n*)\n;;\nesac";
		};
		D421B94FB6FB1AC17B889587 /* [CP] Embed Pods Frameworks */ = {
			isa = PBXShellScriptBuildPhase;
			buildActionMask = 2147483647;
			files = (
			);
			inputFileListPaths = (
				"${PODS_ROOT}/Target Support Files/Pods-NimbleSurveyTests/Pods-NimbleSurveyTests-frameworks-${CONFIGURATION}-input-files.xcfilelist",
			);
			name = "[CP] Embed Pods Frameworks";
			outputFileListPaths = (
				"${PODS_ROOT}/Target Support Files/Pods-NimbleSurveyTests/Pods-NimbleSurveyTests-frameworks-${CONFIGURATION}-output-files.xcfilelist",
			);
			runOnlyForDeploymentPostprocessing = 0;
			shellPath = /bin/sh;
			shellScript = "\"${PODS_ROOT}/Target Support Files/Pods-NimbleSurveyTests/Pods-NimbleSurveyTests-frameworks.sh\"\n";
			showEnvVarsInLog = 0;
		};
/* End PBXShellScriptBuildPhase section */

/* Begin PBXSourcesBuildPhase section */
		675E35888EAD3A6AE224251F /* Sources */ = {
			isa = PBXSourcesBuildPhase;
			buildActionMask = 2147483647;
			files = (
				4F4C6F8C524120840ED774F5 /* ApplicationSpec.swift in Sources */,
			);
			runOnlyForDeploymentPostprocessing = 0;
		};
		745D1685CE280C56AE2412E6 /* Sources */ = {
			isa = PBXSourcesBuildPhase;
			buildActionMask = 2147483647;
			files = (
				A2B58A3C9ED66C97FDF2D1F0 /* AppDelegate.swift in Sources */,
				A82A9088D04060DBD00C0258 /* Constants+API.swift in Sources */,
				32CB989860675EA27F0CDAE9 /* Constants.swift in Sources */,
				A8774A7BE26DA8482F4E1422 /* NetworkAPIError.swift in Sources */,
				2BB63FDB69656BED7084B458 /* NetworkAPIProtocol.swift in Sources */,
				3247C1D61104A7419C0F8CB9 /* RequestConfiguration.swift in Sources */,
				D846DC9CF5FB9A6B8CB712DB /* NetworkAPI.swift in Sources */,
				436CEB7E2C9582605B5A4DC1 /* UseCaseFactoryProtocol.swift in Sources */,
				181BC1DDDB437B0D07FB41CB /* HomeViewController.swift in Sources */,
				638D80BD0D6DE474C8A769BC /* Navigator+Scene.swift in Sources */,
				06A3B09CF07DB3EA03131130 /* Navigator+Transition.swift in Sources */,
				C87E8F7656360FE0BF77B9BA /* Navigator.swift in Sources */,
				8D594FD49CC602A6A053701F /* Optional+Unwrap.swift in Sources */,
				2076113E263056883674E436 /* Color+Application.swift in Sources */,
				F134C56902BEF5AEBD9AB6F4 /* UIView+Subviews.swift in Sources */,
				F084363EB2F1C091E9773EAE /* R.generated.swift in Sources */,
				110AB3337C777F83E4175F0C /* Typealiases.swift in Sources */,
			);
			runOnlyForDeploymentPostprocessing = 0;
		};
		C15728F76D6DEB833F7596C7 /* Sources */ = {
			isa = PBXSourcesBuildPhase;
			buildActionMask = 2147483647;
			files = (
				F9BA4EBAF3AE63CD99C941E9 /* AutoMockable.generated.swift in Sources */,
				542A1C2B718036AE225BCFA3 /* OptionalUnwrapSpec.swift in Sources */,
			);
			runOnlyForDeploymentPostprocessing = 0;
		};
/* End PBXSourcesBuildPhase section */

/* Begin PBXTargetDependency section */
		947973E06D4F8818FFCC2967 /* PBXTargetDependency */ = {
			isa = PBXTargetDependency;
			name = NimbleSurvey;
			target = 7E2D20B7826C9CF7E09563D1 /* NimbleSurvey */;
			targetProxy = 9B06F1DB370F8C3BAE206BFA /* PBXContainerItemProxy */;
		};
		CB5C62BCE964846A9A3D8C25 /* PBXTargetDependency */ = {
			isa = PBXTargetDependency;
			name = NimbleSurvey;
			target = 7E2D20B7826C9CF7E09563D1 /* NimbleSurvey */;
			targetProxy = 9BED8792B8DE0AFFF994D6D9 /* PBXContainerItemProxy */;
		};
/* End PBXTargetDependency section */

/* Begin XCBuildConfiguration section */
		0998C55E8472AAA175433A4C /* Debug Staging */ = {
			isa = XCBuildConfiguration;
			baseConfigurationReference = CEF3E2215C8FAA20E272CD84 /* DebugStaging.xcconfig */;
			buildSettings = {
				ALWAYS_SEARCH_USER_PATHS = NO;
				CLANG_ANALYZER_LOCALIZABILITY_NONLOCALIZED = YES;
				CLANG_ANALYZER_NONNULL = YES;
				CLANG_ANALYZER_NUMBER_OBJECT_CONVERSION = YES_AGGRESSIVE;
				CLANG_CXX_LANGUAGE_STANDARD = "gnu++14";
				CLANG_CXX_LIBRARY = "libc++";
				CLANG_ENABLE_MODULES = YES;
				CLANG_ENABLE_OBJC_ARC = YES;
				CLANG_ENABLE_OBJC_WEAK = YES;
				CLANG_WARN_BLOCK_CAPTURE_AUTORELEASING = YES;
				CLANG_WARN_BOOL_CONVERSION = YES;
				CLANG_WARN_COMMA = YES;
				CLANG_WARN_CONSTANT_CONVERSION = YES;
				CLANG_WARN_DEPRECATED_OBJC_IMPLEMENTATIONS = YES;
				CLANG_WARN_DIRECT_OBJC_ISA_USAGE = YES_ERROR;
				CLANG_WARN_DOCUMENTATION_COMMENTS = YES;
				CLANG_WARN_EMPTY_BODY = YES;
				CLANG_WARN_ENUM_CONVERSION = YES;
				CLANG_WARN_INFINITE_RECURSION = YES;
				CLANG_WARN_INT_CONVERSION = YES;
				CLANG_WARN_NON_LITERAL_NULL_CONVERSION = YES;
				CLANG_WARN_OBJC_IMPLICIT_RETAIN_SELF = YES;
				CLANG_WARN_OBJC_LITERAL_CONVERSION = YES;
				CLANG_WARN_OBJC_ROOT_CLASS = YES_ERROR;
				CLANG_WARN_QUOTED_INCLUDE_IN_FRAMEWORK_HEADER = YES;
				CLANG_WARN_RANGE_LOOP_ANALYSIS = YES;
				CLANG_WARN_STRICT_PROTOTYPES = YES;
				CLANG_WARN_SUSPICIOUS_MOVE = YES;
				CLANG_WARN_UNGUARDED_AVAILABILITY = YES_AGGRESSIVE;
				CLANG_WARN_UNREACHABLE_CODE = YES;
				CLANG_WARN__DUPLICATE_METHOD_MATCH = YES;
				COPY_PHASE_STRIP = NO;
				DEBUG_INFORMATION_FORMAT = dwarf;
				ENABLE_STRICT_OBJC_MSGSEND = YES;
				ENABLE_TESTABILITY = YES;
				GCC_C_LANGUAGE_STANDARD = gnu11;
				GCC_DYNAMIC_NO_PIC = NO;
				GCC_NO_COMMON_BLOCKS = YES;
				GCC_OPTIMIZATION_LEVEL = 0;
				GCC_PREPROCESSOR_DEFINITIONS = (
					"DEBUG=1",
					"$(inherited)",
				);
				GCC_WARN_64_TO_32_BIT_CONVERSION = YES;
				GCC_WARN_ABOUT_RETURN_TYPE = YES_ERROR;
				GCC_WARN_UNDECLARED_SELECTOR = YES;
				GCC_WARN_UNINITIALIZED_AUTOS = YES_AGGRESSIVE;
				GCC_WARN_UNUSED_FUNCTION = YES;
				GCC_WARN_UNUSED_VARIABLE = YES;
				MTL_ENABLE_DEBUG_INFO = YES;
				ONLY_ACTIVE_ARCH = YES;
				PRODUCT_NAME = "$(TARGET_NAME)";
			};
			name = "Debug Staging";
		};
		0B2961CA14E3BEE5F5FC775E /* Release Staging */ = {
			isa = XCBuildConfiguration;
			baseConfigurationReference = 3C57E1C795B179AAA62AD701 /* Pods-NimbleSurveyTests.release staging.xcconfig */;
			buildSettings = {
				BUNDLE_LOADER = "$(TEST_HOST)";
				CODE_SIGN_IDENTITY = "iPhone Developer";
				INFOPLIST_FILE = NimbleSurveyTests/Configurations/Plists/Info.plist;
				LD_RUNPATH_SEARCH_PATHS = (
					"$(inherited)",
					"@executable_path/Frameworks",
					"@loader_path/Frameworks",
				);
				PRODUCT_BUNDLE_IDENTIFIER = "co.nimblehq.david.ic-survey";
				PRODUCT_NAME = NimbleSurveyTests;
				SDKROOT = iphoneos;
				SUPPORTED_PLATFORMS = "iphonesimulator iphoneos";
				SWIFT_COMPILATION_MODE = wholemodule;
				SWIFT_OPTIMIZATION_LEVEL = "-Owholemodule";
				SWIFT_VERSION = 5.6;
				TARGETED_DEVICE_FAMILY = "1,2";
				TEST_HOST = "$(BUILT_PRODUCTS_DIR)/NimbleSurvey.app/NimbleSurvey";
				TEST_TARGET_NAME = NimbleSurvey;
			};
			name = "Release Staging";
		};
		2F1D6384DF595900BC503606 /* Debug Production */ = {
			isa = XCBuildConfiguration;
			baseConfigurationReference = 0AC7C402918440F2FEFE36A8 /* Pods-NimbleSurvey.debug production.xcconfig */;
			buildSettings = {
				ASSETCATALOG_COMPILER_APPICON_NAME = AppIcon;
				CODE_SIGN_IDENTITY = "iPhone Developer";
				ENABLE_PREVIEWS = YES;
				INFOPLIST_FILE = NimbleSurvey/Configurations/Plists/Info.plist;
				IPHONEOS_DEPLOYMENT_TARGET = 14.0;
				LD_RUNPATH_SEARCH_PATHS = (
					"$(inherited)",
					"@executable_path/Frameworks",
				);
				PRODUCT_BUNDLE_IDENTIFIER = "co.nimblehq.david.ic-survey";
				PRODUCT_NAME = NimbleSurvey;
				SDKROOT = iphoneos;
				SUPPORTED_PLATFORMS = "iphonesimulator iphoneos";
				SWIFT_ACTIVE_COMPILATION_CONDITIONS = DEBUG;
				SWIFT_COMPILATION_MODE = singlefile;
				SWIFT_OPTIMIZATION_LEVEL = "-Onone";
				SWIFT_VERSION = 5.6;
				TARGETED_DEVICE_FAMILY = "1,2";
			};
			name = "Debug Production";
		};
		66F3A5C57BF35BCF9CECB3D8 /* Debug Staging */ = {
			isa = XCBuildConfiguration;
			baseConfigurationReference = 726DAD5129D95A96BB38C0A3 /* Pods-NimbleSurveyTests.debug staging.xcconfig */;
			buildSettings = {
				BUNDLE_LOADER = "$(TEST_HOST)";
				CODE_SIGN_IDENTITY = "iPhone Developer";
				INFOPLIST_FILE = NimbleSurveyTests/Configurations/Plists/Info.plist;
				LD_RUNPATH_SEARCH_PATHS = (
					"$(inherited)",
					"@executable_path/Frameworks",
					"@loader_path/Frameworks",
				);
				PRODUCT_BUNDLE_IDENTIFIER = "co.nimblehq.david.ic-survey";
				PRODUCT_NAME = NimbleSurveyTests;
				SDKROOT = iphoneos;
				SUPPORTED_PLATFORMS = "iphonesimulator iphoneos";
				SWIFT_ACTIVE_COMPILATION_CONDITIONS = DEBUG;
				SWIFT_COMPILATION_MODE = singlefile;
				SWIFT_OPTIMIZATION_LEVEL = "-Onone";
				SWIFT_VERSION = 5.6;
				TARGETED_DEVICE_FAMILY = "1,2";
				TEST_HOST = "$(BUILT_PRODUCTS_DIR)/NimbleSurvey.app/NimbleSurvey";
				TEST_TARGET_NAME = NimbleSurvey;
			};
			name = "Debug Staging";
		};
		6D5DE70A66DEA403D4CD1927 /* Debug Production */ = {
			isa = XCBuildConfiguration;
			baseConfigurationReference = 2355BCFCAEF91BF60AFA2212 /* Pods-NimbleSurvey-NimbleSurveyUITests.debug production.xcconfig */;
			buildSettings = {
				CODE_SIGN_IDENTITY = "iPhone Developer";
				INFOPLIST_FILE = NimbleSurveyUITests/Configurations/Plists/Info.plist;
				LD_RUNPATH_SEARCH_PATHS = (
					"$(inherited)",
					"@executable_path/Frameworks",
					"@loader_path/Frameworks",
				);
				PRODUCT_BUNDLE_IDENTIFIER = "co.nimblehq.david.ic-survey";
				PRODUCT_NAME = NimbleSurveyUITests;
				SDKROOT = iphoneos;
				SUPPORTED_PLATFORMS = "iphonesimulator iphoneos";
				SWIFT_ACTIVE_COMPILATION_CONDITIONS = DEBUG;
				SWIFT_COMPILATION_MODE = singlefile;
				SWIFT_OPTIMIZATION_LEVEL = "-Onone";
				SWIFT_VERSION = 5.6;
				TARGETED_DEVICE_FAMILY = "1,2";
				TEST_TARGET_NAME = NimbleSurvey;
			};
			name = "Debug Production";
		};
		791631E3F6650C86FF500893 /* Debug Production */ = {
			isa = XCBuildConfiguration;
			baseConfigurationReference = 74433E0FBE0F9F241B457DD3 /* Pods-NimbleSurveyTests.debug production.xcconfig */;
			buildSettings = {
				BUNDLE_LOADER = "$(TEST_HOST)";
				CODE_SIGN_IDENTITY = "iPhone Developer";
				INFOPLIST_FILE = NimbleSurveyTests/Configurations/Plists/Info.plist;
				LD_RUNPATH_SEARCH_PATHS = (
					"$(inherited)",
					"@executable_path/Frameworks",
					"@loader_path/Frameworks",
				);
				PRODUCT_BUNDLE_IDENTIFIER = "co.nimblehq.david.ic-survey";
				PRODUCT_NAME = NimbleSurveyTests;
				SDKROOT = iphoneos;
				SUPPORTED_PLATFORMS = "iphonesimulator iphoneos";
				SWIFT_ACTIVE_COMPILATION_CONDITIONS = DEBUG;
				SWIFT_COMPILATION_MODE = singlefile;
				SWIFT_OPTIMIZATION_LEVEL = "-Onone";
				SWIFT_VERSION = 5.6;
				TARGETED_DEVICE_FAMILY = "1,2";
				TEST_HOST = "$(BUILT_PRODUCTS_DIR)/NimbleSurvey.app/NimbleSurvey";
				TEST_TARGET_NAME = NimbleSurvey;
			};
			name = "Debug Production";
		};
		79C89DBBE2937559C1E1A1E3 /* Release Production */ = {
			isa = XCBuildConfiguration;
			baseConfigurationReference = F28B6DF5110911D79CF96F12 /* Pods-NimbleSurveyTests.release production.xcconfig */;
			buildSettings = {
				BUNDLE_LOADER = "$(TEST_HOST)";
				CODE_SIGN_IDENTITY = "iPhone Developer";
				INFOPLIST_FILE = NimbleSurveyTests/Configurations/Plists/Info.plist;
				LD_RUNPATH_SEARCH_PATHS = (
					"$(inherited)",
					"@executable_path/Frameworks",
					"@loader_path/Frameworks",
				);
				PRODUCT_BUNDLE_IDENTIFIER = "co.nimblehq.david.ic-survey";
				PRODUCT_NAME = NimbleSurveyTests;
				SDKROOT = iphoneos;
				SUPPORTED_PLATFORMS = "iphonesimulator iphoneos";
				SWIFT_COMPILATION_MODE = wholemodule;
				SWIFT_OPTIMIZATION_LEVEL = "-Owholemodule";
				SWIFT_VERSION = 5.6;
				TARGETED_DEVICE_FAMILY = "1,2";
				TEST_HOST = "$(BUILT_PRODUCTS_DIR)/NimbleSurvey.app/NimbleSurvey";
				TEST_TARGET_NAME = NimbleSurvey;
			};
			name = "Release Production";
		};
		7F9832534916D1D7241EE448 /* Debug Production */ = {
			isa = XCBuildConfiguration;
			baseConfigurationReference = 2BC16193CC8B0D6D7E724F2B /* DebugProduction.xcconfig */;
			buildSettings = {
				ALWAYS_SEARCH_USER_PATHS = NO;
				CLANG_ANALYZER_LOCALIZABILITY_NONLOCALIZED = YES;
				CLANG_ANALYZER_NONNULL = YES;
				CLANG_ANALYZER_NUMBER_OBJECT_CONVERSION = YES_AGGRESSIVE;
				CLANG_CXX_LANGUAGE_STANDARD = "gnu++14";
				CLANG_CXX_LIBRARY = "libc++";
				CLANG_ENABLE_MODULES = YES;
				CLANG_ENABLE_OBJC_ARC = YES;
				CLANG_ENABLE_OBJC_WEAK = YES;
				CLANG_WARN_BLOCK_CAPTURE_AUTORELEASING = YES;
				CLANG_WARN_BOOL_CONVERSION = YES;
				CLANG_WARN_COMMA = YES;
				CLANG_WARN_CONSTANT_CONVERSION = YES;
				CLANG_WARN_DEPRECATED_OBJC_IMPLEMENTATIONS = YES;
				CLANG_WARN_DIRECT_OBJC_ISA_USAGE = YES_ERROR;
				CLANG_WARN_DOCUMENTATION_COMMENTS = YES;
				CLANG_WARN_EMPTY_BODY = YES;
				CLANG_WARN_ENUM_CONVERSION = YES;
				CLANG_WARN_INFINITE_RECURSION = YES;
				CLANG_WARN_INT_CONVERSION = YES;
				CLANG_WARN_NON_LITERAL_NULL_CONVERSION = YES;
				CLANG_WARN_OBJC_IMPLICIT_RETAIN_SELF = YES;
				CLANG_WARN_OBJC_LITERAL_CONVERSION = YES;
				CLANG_WARN_OBJC_ROOT_CLASS = YES_ERROR;
				CLANG_WARN_QUOTED_INCLUDE_IN_FRAMEWORK_HEADER = YES;
				CLANG_WARN_RANGE_LOOP_ANALYSIS = YES;
				CLANG_WARN_STRICT_PROTOTYPES = YES;
				CLANG_WARN_SUSPICIOUS_MOVE = YES;
				CLANG_WARN_UNGUARDED_AVAILABILITY = YES_AGGRESSIVE;
				CLANG_WARN_UNREACHABLE_CODE = YES;
				CLANG_WARN__DUPLICATE_METHOD_MATCH = YES;
				COPY_PHASE_STRIP = NO;
				DEBUG_INFORMATION_FORMAT = dwarf;
				ENABLE_STRICT_OBJC_MSGSEND = YES;
				ENABLE_TESTABILITY = YES;
				GCC_C_LANGUAGE_STANDARD = gnu11;
				GCC_DYNAMIC_NO_PIC = NO;
				GCC_NO_COMMON_BLOCKS = YES;
				GCC_OPTIMIZATION_LEVEL = 0;
				GCC_PREPROCESSOR_DEFINITIONS = (
					"DEBUG=1",
					"$(inherited)",
				);
				GCC_WARN_64_TO_32_BIT_CONVERSION = YES;
				GCC_WARN_ABOUT_RETURN_TYPE = YES_ERROR;
				GCC_WARN_UNDECLARED_SELECTOR = YES;
				GCC_WARN_UNINITIALIZED_AUTOS = YES_AGGRESSIVE;
				GCC_WARN_UNUSED_FUNCTION = YES;
				GCC_WARN_UNUSED_VARIABLE = YES;
				MTL_ENABLE_DEBUG_INFO = YES;
				ONLY_ACTIVE_ARCH = YES;
				PRODUCT_NAME = "$(TARGET_NAME)";
			};
			name = "Debug Production";
		};
		A3A858E349FE8E26EB41AD19 /* Release Production */ = {
			isa = XCBuildConfiguration;
			baseConfigurationReference = 546922AFDE8171FA54DE5008 /* Pods-NimbleSurvey-NimbleSurveyUITests.release production.xcconfig */;
			buildSettings = {
				CODE_SIGN_IDENTITY = "iPhone Developer";
				INFOPLIST_FILE = NimbleSurveyUITests/Configurations/Plists/Info.plist;
				LD_RUNPATH_SEARCH_PATHS = (
					"$(inherited)",
					"@executable_path/Frameworks",
					"@loader_path/Frameworks",
				);
				PRODUCT_BUNDLE_IDENTIFIER = "co.nimblehq.david.ic-survey";
				PRODUCT_NAME = NimbleSurveyUITests;
				SDKROOT = iphoneos;
				SUPPORTED_PLATFORMS = "iphonesimulator iphoneos";
				SWIFT_COMPILATION_MODE = wholemodule;
				SWIFT_OPTIMIZATION_LEVEL = "-Owholemodule";
				SWIFT_VERSION = 5.6;
				TARGETED_DEVICE_FAMILY = "1,2";
				TEST_TARGET_NAME = NimbleSurvey;
			};
			name = "Release Production";
		};
		A4466CA4CEF8F559A96B96D2 /* Release Staging */ = {
			isa = XCBuildConfiguration;
			baseConfigurationReference = 7467A9D61DC94CBA44A5FD86 /* Pods-NimbleSurvey-NimbleSurveyUITests.release staging.xcconfig */;
			buildSettings = {
				CODE_SIGN_IDENTITY = "iPhone Developer";
				INFOPLIST_FILE = NimbleSurveyUITests/Configurations/Plists/Info.plist;
				LD_RUNPATH_SEARCH_PATHS = (
					"$(inherited)",
					"@executable_path/Frameworks",
					"@loader_path/Frameworks",
				);
				PRODUCT_BUNDLE_IDENTIFIER = "co.nimblehq.david.ic-survey";
				PRODUCT_NAME = NimbleSurveyUITests;
				SDKROOT = iphoneos;
				SUPPORTED_PLATFORMS = "iphonesimulator iphoneos";
				SWIFT_COMPILATION_MODE = wholemodule;
				SWIFT_OPTIMIZATION_LEVEL = "-Owholemodule";
				SWIFT_VERSION = 5.6;
				TARGETED_DEVICE_FAMILY = "1,2";
				TEST_TARGET_NAME = NimbleSurvey;
			};
			name = "Release Staging";
		};
		B5DFA2D7830BB42888F0D9E3 /* Debug Staging */ = {
			isa = XCBuildConfiguration;
			baseConfigurationReference = 7AFCFDE3A37991682B19FA7B /* Pods-NimbleSurvey-NimbleSurveyUITests.debug staging.xcconfig */;
			buildSettings = {
				CODE_SIGN_IDENTITY = "iPhone Developer";
				INFOPLIST_FILE = NimbleSurveyUITests/Configurations/Plists/Info.plist;
				LD_RUNPATH_SEARCH_PATHS = (
					"$(inherited)",
					"@executable_path/Frameworks",
					"@loader_path/Frameworks",
				);
				PRODUCT_BUNDLE_IDENTIFIER = "co.nimblehq.david.ic-survey";
				PRODUCT_NAME = NimbleSurveyUITests;
				SDKROOT = iphoneos;
				SUPPORTED_PLATFORMS = "iphonesimulator iphoneos";
				SWIFT_ACTIVE_COMPILATION_CONDITIONS = DEBUG;
				SWIFT_COMPILATION_MODE = singlefile;
				SWIFT_OPTIMIZATION_LEVEL = "-Onone";
				SWIFT_VERSION = 5.6;
				TARGETED_DEVICE_FAMILY = "1,2";
				TEST_TARGET_NAME = NimbleSurvey;
			};
			name = "Debug Staging";
		};
		C2D88555EA50CD83CBA86978 /* Release Production */ = {
			isa = XCBuildConfiguration;
			baseConfigurationReference = 80074CB81D08C396012D0B8D /* ReleaseProduction.xcconfig */;
			buildSettings = {
				ALWAYS_SEARCH_USER_PATHS = NO;
				CLANG_ANALYZER_LOCALIZABILITY_NONLOCALIZED = YES;
				CLANG_ANALYZER_NONNULL = YES;
				CLANG_ANALYZER_NUMBER_OBJECT_CONVERSION = YES_AGGRESSIVE;
				CLANG_CXX_LANGUAGE_STANDARD = "gnu++14";
				CLANG_CXX_LIBRARY = "libc++";
				CLANG_ENABLE_MODULES = YES;
				CLANG_ENABLE_OBJC_ARC = YES;
				CLANG_ENABLE_OBJC_WEAK = YES;
				CLANG_WARN_BLOCK_CAPTURE_AUTORELEASING = YES;
				CLANG_WARN_BOOL_CONVERSION = YES;
				CLANG_WARN_COMMA = YES;
				CLANG_WARN_CONSTANT_CONVERSION = YES;
				CLANG_WARN_DEPRECATED_OBJC_IMPLEMENTATIONS = YES;
				CLANG_WARN_DIRECT_OBJC_ISA_USAGE = YES_ERROR;
				CLANG_WARN_DOCUMENTATION_COMMENTS = YES;
				CLANG_WARN_EMPTY_BODY = YES;
				CLANG_WARN_ENUM_CONVERSION = YES;
				CLANG_WARN_INFINITE_RECURSION = YES;
				CLANG_WARN_INT_CONVERSION = YES;
				CLANG_WARN_NON_LITERAL_NULL_CONVERSION = YES;
				CLANG_WARN_OBJC_IMPLICIT_RETAIN_SELF = YES;
				CLANG_WARN_OBJC_LITERAL_CONVERSION = YES;
				CLANG_WARN_OBJC_ROOT_CLASS = YES_ERROR;
				CLANG_WARN_QUOTED_INCLUDE_IN_FRAMEWORK_HEADER = YES;
				CLANG_WARN_RANGE_LOOP_ANALYSIS = YES;
				CLANG_WARN_STRICT_PROTOTYPES = YES;
				CLANG_WARN_SUSPICIOUS_MOVE = YES;
				CLANG_WARN_UNGUARDED_AVAILABILITY = YES_AGGRESSIVE;
				CLANG_WARN_UNREACHABLE_CODE = YES;
				CLANG_WARN__DUPLICATE_METHOD_MATCH = YES;
				COPY_PHASE_STRIP = NO;
				DEBUG_INFORMATION_FORMAT = "dwarf-with-dsym";
				ENABLE_NS_ASSERTIONS = NO;
				ENABLE_STRICT_OBJC_MSGSEND = YES;
				GCC_C_LANGUAGE_STANDARD = gnu11;
				GCC_NO_COMMON_BLOCKS = YES;
				GCC_WARN_64_TO_32_BIT_CONVERSION = YES;
				GCC_WARN_ABOUT_RETURN_TYPE = YES_ERROR;
				GCC_WARN_UNDECLARED_SELECTOR = YES;
				GCC_WARN_UNINITIALIZED_AUTOS = YES_AGGRESSIVE;
				GCC_WARN_UNUSED_FUNCTION = YES;
				GCC_WARN_UNUSED_VARIABLE = YES;
				MTL_ENABLE_DEBUG_INFO = NO;
				PRODUCT_NAME = "$(TARGET_NAME)";
				VALIDATE_PRODUCT = YES;
			};
			name = "Release Production";
		};
		C88B8EFA286D581DC3355488 /* Release Production */ = {
			isa = XCBuildConfiguration;
			baseConfigurationReference = 25AF707318F2564B4D55AEF7 /* Pods-NimbleSurvey.release production.xcconfig */;
			buildSettings = {
				ASSETCATALOG_COMPILER_APPICON_NAME = AppIcon;
				CODE_SIGN_IDENTITY = "iPhone Developer";
				ENABLE_PREVIEWS = YES;
				INFOPLIST_FILE = NimbleSurvey/Configurations/Plists/Info.plist;
				IPHONEOS_DEPLOYMENT_TARGET = 14.0;
				LD_RUNPATH_SEARCH_PATHS = (
					"$(inherited)",
					"@executable_path/Frameworks",
				);
				PRODUCT_BUNDLE_IDENTIFIER = "co.nimblehq.david.ic-survey";
				PRODUCT_NAME = NimbleSurvey;
				SDKROOT = iphoneos;
				SUPPORTED_PLATFORMS = "iphonesimulator iphoneos";
				SWIFT_COMPILATION_MODE = wholemodule;
				SWIFT_OPTIMIZATION_LEVEL = "-Owholemodule";
				SWIFT_VERSION = 5.6;
				TARGETED_DEVICE_FAMILY = "1,2";
			};
			name = "Release Production";
		};
		DBC4176136F18402A08B2512 /* Debug Staging */ = {
			isa = XCBuildConfiguration;
			baseConfigurationReference = 5916D73BF5430EE03E6E271F /* Pods-NimbleSurvey.debug staging.xcconfig */;
			buildSettings = {
				ASSETCATALOG_COMPILER_APPICON_NAME = AppIcon;
				CODE_SIGN_IDENTITY = "iPhone Developer";
				ENABLE_PREVIEWS = YES;
				INFOPLIST_FILE = NimbleSurvey/Configurations/Plists/Info.plist;
				IPHONEOS_DEPLOYMENT_TARGET = 14.0;
				LD_RUNPATH_SEARCH_PATHS = (
					"$(inherited)",
					"@executable_path/Frameworks",
				);
				PRODUCT_BUNDLE_IDENTIFIER = "co.nimblehq.david.ic-survey";
				PRODUCT_NAME = NimbleSurvey;
				SDKROOT = iphoneos;
				SUPPORTED_PLATFORMS = "iphonesimulator iphoneos";
				SWIFT_ACTIVE_COMPILATION_CONDITIONS = DEBUG;
				SWIFT_COMPILATION_MODE = singlefile;
				SWIFT_OPTIMIZATION_LEVEL = "-Onone";
				SWIFT_VERSION = 5.6;
				TARGETED_DEVICE_FAMILY = "1,2";
			};
			name = "Debug Staging";
		};
		E0C7298CA91F5F1683A4BCBA /* Release Staging */ = {
			isa = XCBuildConfiguration;
			baseConfigurationReference = D591CC7331070FC36798E9B1 /* ReleaseStaging.xcconfig */;
			buildSettings = {
				ALWAYS_SEARCH_USER_PATHS = NO;
				CLANG_ANALYZER_LOCALIZABILITY_NONLOCALIZED = YES;
				CLANG_ANALYZER_NONNULL = YES;
				CLANG_ANALYZER_NUMBER_OBJECT_CONVERSION = YES_AGGRESSIVE;
				CLANG_CXX_LANGUAGE_STANDARD = "gnu++14";
				CLANG_CXX_LIBRARY = "libc++";
				CLANG_ENABLE_MODULES = YES;
				CLANG_ENABLE_OBJC_ARC = YES;
				CLANG_ENABLE_OBJC_WEAK = YES;
				CLANG_WARN_BLOCK_CAPTURE_AUTORELEASING = YES;
				CLANG_WARN_BOOL_CONVERSION = YES;
				CLANG_WARN_COMMA = YES;
				CLANG_WARN_CONSTANT_CONVERSION = YES;
				CLANG_WARN_DEPRECATED_OBJC_IMPLEMENTATIONS = YES;
				CLANG_WARN_DIRECT_OBJC_ISA_USAGE = YES_ERROR;
				CLANG_WARN_DOCUMENTATION_COMMENTS = YES;
				CLANG_WARN_EMPTY_BODY = YES;
				CLANG_WARN_ENUM_CONVERSION = YES;
				CLANG_WARN_INFINITE_RECURSION = YES;
				CLANG_WARN_INT_CONVERSION = YES;
				CLANG_WARN_NON_LITERAL_NULL_CONVERSION = YES;
				CLANG_WARN_OBJC_IMPLICIT_RETAIN_SELF = YES;
				CLANG_WARN_OBJC_LITERAL_CONVERSION = YES;
				CLANG_WARN_OBJC_ROOT_CLASS = YES_ERROR;
				CLANG_WARN_QUOTED_INCLUDE_IN_FRAMEWORK_HEADER = YES;
				CLANG_WARN_RANGE_LOOP_ANALYSIS = YES;
				CLANG_WARN_STRICT_PROTOTYPES = YES;
				CLANG_WARN_SUSPICIOUS_MOVE = YES;
				CLANG_WARN_UNGUARDED_AVAILABILITY = YES_AGGRESSIVE;
				CLANG_WARN_UNREACHABLE_CODE = YES;
				CLANG_WARN__DUPLICATE_METHOD_MATCH = YES;
				COPY_PHASE_STRIP = NO;
				DEBUG_INFORMATION_FORMAT = "dwarf-with-dsym";
				ENABLE_NS_ASSERTIONS = NO;
				ENABLE_STRICT_OBJC_MSGSEND = YES;
				GCC_C_LANGUAGE_STANDARD = gnu11;
				GCC_NO_COMMON_BLOCKS = YES;
				GCC_WARN_64_TO_32_BIT_CONVERSION = YES;
				GCC_WARN_ABOUT_RETURN_TYPE = YES_ERROR;
				GCC_WARN_UNDECLARED_SELECTOR = YES;
				GCC_WARN_UNINITIALIZED_AUTOS = YES_AGGRESSIVE;
				GCC_WARN_UNUSED_FUNCTION = YES;
				GCC_WARN_UNUSED_VARIABLE = YES;
				MTL_ENABLE_DEBUG_INFO = NO;
				PRODUCT_NAME = "$(TARGET_NAME)";
				VALIDATE_PRODUCT = YES;
			};
			name = "Release Staging";
		};
		E278A1CD5080424B357151AB /* Release Staging */ = {
			isa = XCBuildConfiguration;
			baseConfigurationReference = B49EF24718E709CAA789DB32 /* Pods-NimbleSurvey.release staging.xcconfig */;
			buildSettings = {
				ASSETCATALOG_COMPILER_APPICON_NAME = AppIcon;
				CODE_SIGN_IDENTITY = "iPhone Developer";
				ENABLE_PREVIEWS = YES;
				INFOPLIST_FILE = NimbleSurvey/Configurations/Plists/Info.plist;
				IPHONEOS_DEPLOYMENT_TARGET = 14.0;
				LD_RUNPATH_SEARCH_PATHS = (
					"$(inherited)",
					"@executable_path/Frameworks",
				);
				PRODUCT_BUNDLE_IDENTIFIER = "co.nimblehq.david.ic-survey";
				PRODUCT_NAME = NimbleSurvey;
				SDKROOT = iphoneos;
				SUPPORTED_PLATFORMS = "iphonesimulator iphoneos";
				SWIFT_COMPILATION_MODE = wholemodule;
				SWIFT_OPTIMIZATION_LEVEL = "-Owholemodule";
				SWIFT_VERSION = 5.6;
				TARGETED_DEVICE_FAMILY = "1,2";
			};
			name = "Release Staging";
		};
/* End XCBuildConfiguration section */

/* Begin XCConfigurationList section */
		2C8D7811922737911D65059F /* Build configuration list for PBXProject "NimbleSurvey" */ = {
			isa = XCConfigurationList;
			buildConfigurations = (
				7F9832534916D1D7241EE448 /* Debug Production */,
				0998C55E8472AAA175433A4C /* Debug Staging */,
				C2D88555EA50CD83CBA86978 /* Release Production */,
				E0C7298CA91F5F1683A4BCBA /* Release Staging */,
			);
			defaultConfigurationIsVisible = 0;
			defaultConfigurationName = "Release Production";
		};
		AF4EB8D725C68E4F7A84125E /* Build configuration list for PBXNativeTarget "NimbleSurveyTests" */ = {
			isa = XCConfigurationList;
			buildConfigurations = (
				791631E3F6650C86FF500893 /* Debug Production */,
				66F3A5C57BF35BCF9CECB3D8 /* Debug Staging */,
				79C89DBBE2937559C1E1A1E3 /* Release Production */,
				0B2961CA14E3BEE5F5FC775E /* Release Staging */,
			);
			defaultConfigurationIsVisible = 0;
			defaultConfigurationName = "Release Production";
		};
		F36B537686BFBEDE4C24AC2A /* Build configuration list for PBXNativeTarget "NimbleSurvey" */ = {
			isa = XCConfigurationList;
			buildConfigurations = (
				2F1D6384DF595900BC503606 /* Debug Production */,
				DBC4176136F18402A08B2512 /* Debug Staging */,
				C88B8EFA286D581DC3355488 /* Release Production */,
				E278A1CD5080424B357151AB /* Release Staging */,
			);
			defaultConfigurationIsVisible = 0;
			defaultConfigurationName = "Release Production";
		};
		F83C93DA1D829EDF23EDF890 /* Build configuration list for PBXNativeTarget "NimbleSurveyUITests" */ = {
			isa = XCConfigurationList;
			buildConfigurations = (
				6D5DE70A66DEA403D4CD1927 /* Debug Production */,
				B5DFA2D7830BB42888F0D9E3 /* Debug Staging */,
				A3A858E349FE8E26EB41AD19 /* Release Production */,
				A4466CA4CEF8F559A96B96D2 /* Release Staging */,
			);
			defaultConfigurationIsVisible = 0;
			defaultConfigurationName = "Release Production";
		};
/* End XCConfigurationList section */
	};
	rootObject = ADC60C7898F30E1EC731CD5F /* Project object */;
}
